
Microsoft Visual Studio Solution File, Format Version 12.00
# Visual Studio 15
VisualStudioVersion = 15.0.27019.1
MinimumVisualStudioVersion = 10.0.40219.1
Project("{9A19103F-16F7-4668-BE54-9A1E7A4F7556}") = "Entity", "Entity\Entity.csproj", "{C1D1586F-DA87-4953-A794-B462C10DA8D6}"
EndProject
Project("{9A19103F-16F7-4668-BE54-9A1E7A4F7556}") = "DAL", "DAL\DAL.csproj", "{6BCFDDC2-CB86-4CA6-9D11-42D1E3CF6100}"
EndProject
Project("{9A19103F-16F7-4668-BE54-9A1E7A4F7556}") = "Service", "Service\Service.csproj", "{C42C65E9-2EB1-473C-B193-6E6E9647A0DC}"
EndProject
Project("{9A19103F-16F7-4668-BE54-9A1E7A4F7556}") = "ASP.NetCoreAPI", "ASP.NetCoreAPI\ASP.NetCoreAPI.csproj", "{59CE9771-D91C-400F-A575-37B506C40493}"
EndProject
Project("{9A19103F-16F7-4668-BE54-9A1E7A4F7556}") = "Common", "Common\Common.csproj", "{EB7A778B-99C0-4373-9FE7-2DE282BA55B9}"
EndProject
Project("{9A19103F-16F7-4668-BE54-9A1E7A4F7556}") = "ASP.NetCoreMVC", "ASP.NetCoreMVC\ASP.NetCoreMVC.csproj", "{0CD47A79-4772-463A-803F-D8DDE7089B78}"
EndProject
Project("{9A19103F-16F7-4668-BE54-9A1E7A4F7556}") = "Identity.Extensitions", "ApplicationManager\Identity.Extensitions.csproj", "{EE18A1CC-5C9F-4C63-921E-BE612028264D}"
EndProject
Project("{9A19103F-16F7-4668-BE54-9A1E7A4F7556}") = "Chaunce.Web", "Chaunce.Web\Chaunce.Web.csproj", "{5DD8CC78-F468-41F5-8ADA-1A2E39565649}"
EndProject
Global
	GlobalSection(SolutionConfigurationPlatforms) = preSolution
		Debug|Any CPU = Debug|Any CPU
		Release|Any CPU = Release|Any CPU
	EndGlobalSection
	GlobalSection(ProjectConfigurationPlatforms) = postSolution
		{C1D1586F-DA87-4953-A794-B462C10DA8D6}.Debug|Any CPU.ActiveCfg = Debug|Any CPU
		{C1D1586F-DA87-4953-A794-B462C10DA8D6}.Debug|Any CPU.Build.0 = Debug|Any CPU
		{C1D1586F-DA87-4953-A794-B462C10DA8D6}.Release|Any CPU.ActiveCfg = Release|Any CPU
		{C1D1586F-DA87-4953-A794-B462C10DA8D6}.Release|Any CPU.Build.0 = Release|Any CPU
		{6BCFDDC2-CB86-4CA6-9D11-42D1E3CF6100}.Debug|Any CPU.ActiveCfg = Debug|Any CPU
		{6BCFDDC2-CB86-4CA6-9D11-42D1E3CF6100}.Debug|Any CPU.Build.0 = Debug|Any CPU
		{6BCFDDC2-CB86-4CA6-9D11-42D1E3CF6100}.Release|Any CPU.ActiveCfg = Release|Any CPU
		{6BCFDDC2-CB86-4CA6-9D11-42D1E3CF6100}.Release|Any CPU.Build.0 = Release|Any CPU
		{C42C65E9-2EB1-473C-B193-6E6E9647A0DC}.Debug|Any CPU.ActiveCfg = Debug|Any CPU
		{C42C65E9-2EB1-473C-B193-6E6E9647A0DC}.Debug|Any CPU.Build.0 = Debug|Any CPU
		{C42C65E9-2EB1-473C-B193-6E6E9647A0DC}.Release|Any CPU.ActiveCfg = Release|Any CPU
		{C42C65E9-2EB1-473C-B193-6E6E9647A0DC}.Release|Any CPU.Build.0 = Release|Any CPU
		{59CE9771-D91C-400F-A575-37B506C40493}.Debug|Any CPU.ActiveCfg = Debug|Any CPU
		{59CE9771-D91C-400F-A575-37B506C40493}.Debug|Any CPU.Build.0 = Debug|Any CPU
		{59CE9771-D91C-400F-A575-37B506C40493}.Release|Any CPU.ActiveCfg = Release|Any CPU
		{59CE9771-D91C-400F-A575-37B506C40493}.Release|Any CPU.Build.0 = Release|Any CPU
		{EB7A778B-99C0-4373-9FE7-2DE282BA55B9}.Debug|Any CPU.ActiveCfg = Debug|Any CPU
		{EB7A778B-99C0-4373-9FE7-2DE282BA55B9}.Debug|Any CPU.Build.0 = Debug|Any CPU
		{EB7A778B-99C0-4373-9FE7-2DE282BA55B9}.Release|Any CPU.ActiveCfg = Release|Any CPU
		{EB7A778B-99C0-4373-9FE7-2DE282BA55B9}.Release|Any CPU.Build.0 = Release|Any CPU
		{0CD47A79-4772-463A-803F-D8DDE7089B78}.Debug|Any CPU.ActiveCfg = Debug|Any CPU
		{0CD47A79-4772-463A-803F-D8DDE7089B78}.Debug|Any CPU.Build.0 = Debug|Any CPU
		{0CD47A79-4772-463A-803F-D8DDE7089B78}.Release|Any CPU.ActiveCfg = Release|Any CPU
		{0CD47A79-4772-463A-803F-D8DDE7089B78}.Release|Any CPU.Build.0 = Release|Any CPU
		{EE18A1CC-5C9F-4C63-921E-BE612028264D}.Debug|Any CPU.ActiveCfg = Debug|Any CPU
		{EE18A1CC-5C9F-4C63-921E-BE612028264D}.Debug|Any CPU.Build.0 = Debug|Any CPU
		{EE18A1CC-5C9F-4C63-921E-BE612028264D}.Release|Any CPU.ActiveCfg = Release|Any CPU
		{EE18A1CC-5C9F-4C63-921E-BE612028264D}.Release|Any CPU.Build.0 = Release|Any CPU
		{5DD8CC78-F468-41F5-8ADA-1A2E39565649}.Debug|Any CPU.ActiveCfg = Debug|Any CPU
		{5DD8CC78-F468-41F5-8ADA-1A2E39565649}.Debug|Any CPU.Build.0 = Debug|Any CPU
		{5DD8CC78-F468-41F5-8ADA-1A2E39565649}.Release|Any CPU.ActiveCfg = Release|Any CPU
		{5DD8CC78-F468-41F5-8ADA-1A2E39565649}.Release|Any CPU.Build.0 = Release|Any CPU
	EndGlobalSection
	GlobalSection(SolutionProperties) = preSolution
		HideSolutionNode = FALSE
	EndGlobalSection
	GlobalSection(ExtensibilityGlobals) = postSolution
		SolutionGuid = {0422EB09-FC1F-4BCC-B9F6-73C79167D66F}
	EndGlobalSection
EndGlobal
