
Microsoft Visual Studio Solution File, Format Version 12.00
# Visual Studio 15
VisualStudioVersion = 15.0.26730.15
MinimumVisualStudioVersion = 10.0.40219.1
Project("{9A19103F-16F7-4668-BE54-9A1E7A4F7556}") = "Entity", "Entity\Entity.csproj", "{C1D1586F-DA87-4953-A794-B462C10DA8D6}"
EndProject
Project("{9A19103F-16F7-4668-BE54-9A1E7A4F7556}") = "DAL", "DAL\DAL.csproj", "{6BCFDDC2-CB86-4CA6-9D11-42D1E3CF6100}"
EndProject
Project("{9A19103F-16F7-4668-BE54-9A1E7A4F7556}") = "Service", "Service\Service.csproj", "{C42C65E9-2EB1-473C-B193-6E6E9647A0DC}"
EndProject
Project("{FAE04EC0-301F-11D3-BF4B-00C04F79EFBC}") = "ASP.Net Core API", "ASP.Net Core API\ASP.Net Core API.csproj", "{12B7EAD2-A228-4F35-842C-47E540D362E0}"
EndProject
Global
	GlobalSection(SolutionConfigurationPlatforms) = preSolution
		Debug|Any CPU = Debug|Any CPU
		Release|Any CPU = Release|Any CPU
	EndGlobalSection
	GlobalSection(ProjectConfigurationPlatforms) = postSolution
		{C1D1586F-DA87-4953-A794-B462C10DA8D6}.Debug|Any CPU.ActiveCfg = Debug|Any CPU
		{C1D1586F-DA87-4953-A794-B462C10DA8D6}.Debug|Any CPU.Build.0 = Debug|Any CPU
		{C1D1586F-DA87-4953-A794-B462C10DA8D6}.Release|Any CPU.ActiveCfg = Release|Any CPU
		{C1D1586F-DA87-4953-A794-B462C10DA8D6}.Release|Any CPU.Build.0 = Release|Any CPU
		{6BCFDDC2-CB86-4CA6-9D11-42D1E3CF6100}.Debug|Any CPU.ActiveCfg = Debug|Any CPU
		{6BCFDDC2-CB86-4CA6-9D11-42D1E3CF6100}.Debug|Any CPU.Build.0 = Debug|Any CPU
		{6BCFDDC2-CB86-4CA6-9D11-42D1E3CF6100}.Release|Any CPU.ActiveCfg = Release|Any CPU
		{6BCFDDC2-CB86-4CA6-9D11-42D1E3CF6100}.Release|Any CPU.Build.0 = Release|Any CPU
		{C42C65E9-2EB1-473C-B193-6E6E9647A0DC}.Debug|Any CPU.ActiveCfg = Debug|Any CPU
		{C42C65E9-2EB1-473C-B193-6E6E9647A0DC}.Debug|Any CPU.Build.0 = Debug|Any CPU
		{C42C65E9-2EB1-473C-B193-6E6E9647A0DC}.Release|Any CPU.ActiveCfg = Release|Any CPU
		{C42C65E9-2EB1-473C-B193-6E6E9647A0DC}.Release|Any CPU.Build.0 = Release|Any CPU
		{12B7EAD2-A228-4F35-842C-47E540D362E0}.Debug|Any CPU.ActiveCfg = Debug|Any CPU
		{12B7EAD2-A228-4F35-842C-47E540D362E0}.Debug|Any CPU.Build.0 = Debug|Any CPU
		{12B7EAD2-A228-4F35-842C-47E540D362E0}.Release|Any CPU.ActiveCfg = Release|Any CPU
		{12B7EAD2-A228-4F35-842C-47E540D362E0}.Release|Any CPU.Build.0 = Release|Any CPU
	EndGlobalSection
	GlobalSection(SolutionProperties) = preSolution
		HideSolutionNode = FALSE
	EndGlobalSection
	GlobalSection(ExtensibilityGlobals) = postSolution
		SolutionGuid = {0422EB09-FC1F-4BCC-B9F6-73C79167D66F}
	EndGlobalSection
EndGlobal
